
Microsoft Visual Studio Solution File, Format Version 12.00
# Visual Studio Version 17
VisualStudioVersion = 17.8.34511.84
MinimumVisualStudioVersion = 10.0.40219.1
Project("{FAE04EC0-301F-11D3-BF4B-00C04F79EFBC}") = "Application", "Application\Application.csproj", "{9AE51421-CB13-44B1-B8A7-970698596BA5}"
EndProject
Project("{FAE04EC0-301F-11D3-BF4B-00C04F79EFBC}") = "Core", "Core\Core.csproj", "{46396DE7-41EF-49BF-AE2E-A1249FB18854}"
EndProject
Project("{FAE04EC0-301F-11D3-BF4B-00C04F79EFBC}") = "Infrastructure", "Infrastructure\Infrastructure.csproj", "{5CE7C17A-403E-4AB1-A10B-DF2557833A64}"
EndProject
Project("{FAE04EC0-301F-11D3-BF4B-00C04F79EFBC}") = "Persistence", "Persistence\Persistence.csproj", "{28AAC4F8-F199-4550-89AA-1E7798F2ADED}"
EndProject
Project("{2150E333-8FDC-42A3-9474-1A3956D46DE8}") = "Tests", "Tests", "{74BFBEB8-3A24-4DD0-91E1-4C3BCDADE52B}"
EndProject
Project("{FAE04EC0-301F-11D3-BF4B-00C04F79EFBC}") = "Infrastructure.Tests", "Tests\Infrastructure.Tests\Infrastructure.Tests.csproj", "{697106A8-B242-42C4-B214-5D16E4B1D47C}"
EndProject
Project("{FAE04EC0-301F-11D3-BF4B-00C04F79EFBC}") = "Core.Tests", "Tests\Core.Tests\Core.Tests.csproj", "{B0868479-FA6C-43DA-9448-DF94C08A9D89}"
EndProject
Global
	GlobalSection(SolutionConfigurationPlatforms) = preSolution
		Debug|Any CPU = Debug|Any CPU
		Release|Any CPU = Release|Any CPU
	EndGlobalSection
	GlobalSection(ProjectConfigurationPlatforms) = postSolution
		{9AE51421-CB13-44B1-B8A7-970698596BA5}.Debug|Any CPU.ActiveCfg = Debug|Any CPU
		{9AE51421-CB13-44B1-B8A7-970698596BA5}.Debug|Any CPU.Build.0 = Debug|Any CPU
		{9AE51421-CB13-44B1-B8A7-970698596BA5}.Release|Any CPU.ActiveCfg = Release|Any CPU
		{9AE51421-CB13-44B1-B8A7-970698596BA5}.Release|Any CPU.Build.0 = Release|Any CPU
		{46396DE7-41EF-49BF-AE2E-A1249FB18854}.Debug|Any CPU.ActiveCfg = Debug|Any CPU
		{46396DE7-41EF-49BF-AE2E-A1249FB18854}.Debug|Any CPU.Build.0 = Debug|Any CPU
		{46396DE7-41EF-49BF-AE2E-A1249FB18854}.Release|Any CPU.ActiveCfg = Release|Any CPU
		{46396DE7-41EF-49BF-AE2E-A1249FB18854}.Release|Any CPU.Build.0 = Release|Any CPU
		{5CE7C17A-403E-4AB1-A10B-DF2557833A64}.Debug|Any CPU.ActiveCfg = Debug|Any CPU
		{5CE7C17A-403E-4AB1-A10B-DF2557833A64}.Debug|Any CPU.Build.0 = Debug|Any CPU
		{5CE7C17A-403E-4AB1-A10B-DF2557833A64}.Release|Any CPU.ActiveCfg = Release|Any CPU
		{5CE7C17A-403E-4AB1-A10B-DF2557833A64}.Release|Any CPU.Build.0 = Release|Any CPU
		{28AAC4F8-F199-4550-89AA-1E7798F2ADED}.Debug|Any CPU.ActiveCfg = Debug|Any CPU
		{28AAC4F8-F199-4550-89AA-1E7798F2ADED}.Debug|Any CPU.Build.0 = Debug|Any CPU
		{28AAC4F8-F199-4550-89AA-1E7798F2ADED}.Release|Any CPU.ActiveCfg = Release|Any CPU
		{28AAC4F8-F199-4550-89AA-1E7798F2ADED}.Release|Any CPU.Build.0 = Release|Any CPU
		{697106A8-B242-42C4-B214-5D16E4B1D47C}.Debug|Any CPU.ActiveCfg = Debug|Any CPU
		{697106A8-B242-42C4-B214-5D16E4B1D47C}.Debug|Any CPU.Build.0 = Debug|Any CPU
		{697106A8-B242-42C4-B214-5D16E4B1D47C}.Release|Any CPU.ActiveCfg = Release|Any CPU
		{697106A8-B242-42C4-B214-5D16E4B1D47C}.Release|Any CPU.Build.0 = Release|Any CPU
		{B0868479-FA6C-43DA-9448-DF94C08A9D89}.Debug|Any CPU.ActiveCfg = Debug|Any CPU
		{B0868479-FA6C-43DA-9448-DF94C08A9D89}.Debug|Any CPU.Build.0 = Debug|Any CPU
		{B0868479-FA6C-43DA-9448-DF94C08A9D89}.Release|Any CPU.ActiveCfg = Release|Any CPU
		{B0868479-FA6C-43DA-9448-DF94C08A9D89}.Release|Any CPU.Build.0 = Release|Any CPU
	EndGlobalSection
	GlobalSection(SolutionProperties) = preSolution
		HideSolutionNode = FALSE
	EndGlobalSection
	GlobalSection(NestedProjects) = preSolution
		{697106A8-B242-42C4-B214-5D16E4B1D47C} = {74BFBEB8-3A24-4DD0-91E1-4C3BCDADE52B}
		{B0868479-FA6C-43DA-9448-DF94C08A9D89} = {74BFBEB8-3A24-4DD0-91E1-4C3BCDADE52B}
	EndGlobalSection
	GlobalSection(ExtensibilityGlobals) = postSolution
		SolutionGuid = {AACEDA0B-FF90-466C-A5C9-45F44CE00803}
	EndGlobalSection
EndGlobal
